
Microsoft Visual Studio Solution File, Format Version 12.00
# Visual Studio Version 16
VisualStudioVersion = 16.0.29102.190
MinimumVisualStudioVersion = 10.0.40219.1
Project("{FAE04EC0-301F-11D3-BF4B-00C04F79EFBC}") = "myapp_angular", "myapp_angular.csproj", "{1A6659AE-7D48-4D60-A7E0-89D7D57B2304}"
EndProject
Global
	GlobalSection(SolutionConfigurationPlatforms) = preSolution
		Debug|Any CPU = Debug|Any CPU
		Release|Any CPU = Release|Any CPU
	EndGlobalSection
	GlobalSection(ProjectConfigurationPlatforms) = postSolution
		{1A6659AE-7D48-4D60-A7E0-89D7D57B2304}.Debug|Any CPU.ActiveCfg = Debug|Any CPU
		{1A6659AE-7D48-4D60-A7E0-89D7D57B2304}.Debug|Any CPU.Build.0 = Debug|Any CPU
		{1A6659AE-7D48-4D60-A7E0-89D7D57B2304}.Release|Any CPU.ActiveCfg = Release|Any CPU
		{1A6659AE-7D48-4D60-A7E0-89D7D57B2304}.Release|Any CPU.Build.0 = Release|Any CPU
	EndGlobalSection
	GlobalSection(SolutionProperties) = preSolution
		HideSolutionNode = FALSE
	EndGlobalSection
	GlobalSection(ExtensibilityGlobals) = postSolution
		SolutionGuid = {1E13EDEB-943B-46A9-A1CA-3FBF1313DF20}
	EndGlobalSection
EndGlobal
